
Microsoft Visual Studio Solution File, Format Version 12.00
# Visual Studio Version 16
VisualStudioVersion = 16.0.32002.261
MinimumVisualStudioVersion = 10.0.40219.1
Project("{FAE04EC0-301F-11D3-BF4B-00C04F79EFBC}") = "EmployeeManagementAPI", "EmployeeManagementAPI\EmployeeManagementAPI.csproj", "{27BA9E05-8B7E-48B6-9BF4-F354C29B3485}"
EndProject
Global
	GlobalSection(SolutionConfigurationPlatforms) = preSolution
		Debug|Any CPU = Debug|Any CPU
		Release|Any CPU = Release|Any CPU
	EndGlobalSection
	GlobalSection(ProjectConfigurationPlatforms) = postSolution
		{27BA9E05-8B7E-48B6-9BF4-F354C29B3485}.Debug|Any CPU.ActiveCfg = Debug|Any CPU
		{27BA9E05-8B7E-48B6-9BF4-F354C29B3485}.Debug|Any CPU.Build.0 = Debug|Any CPU
		{27BA9E05-8B7E-48B6-9BF4-F354C29B3485}.Release|Any CPU.ActiveCfg = Release|Any CPU
		{27BA9E05-8B7E-48B6-9BF4-F354C29B3485}.Release|Any CPU.Build.0 = Release|Any CPU
	EndGlobalSection
	GlobalSection(SolutionProperties) = preSolution
		HideSolutionNode = FALSE
	EndGlobalSection
	GlobalSection(ExtensibilityGlobals) = postSolution
		SolutionGuid = {568DE7CD-D23B-4BFF-9D36-A216FEF3DFEF}
	EndGlobalSection
EndGlobal
